
Microsoft Visual Studio Solution File, Format Version 12.00
# Visual Studio Version 17
VisualStudioVersion = 17.12.35527.113
MinimumVisualStudioVersion = 10.0.40219.1
Project("{FAE04EC0-301F-11D3-BF4B-00C04F79EFBC}") = "Client", "Client.csproj", "{CFCC693F-7769-4750-9781-042E024269DB}"
EndProject
Project("{FAE04EC0-301F-11D3-BF4B-00C04F79EFBC}") = "Server", "..\Server\Server.csproj", "{B8979DC9-4C5A-4096-A5AA-01390F786A1E}"
EndProject
Global
	GlobalSection(SolutionConfigurationPlatforms) = preSolution
		Debug|Any CPU = Debug|Any CPU
		Release|Any CPU = Release|Any CPU
	EndGlobalSection
	GlobalSection(ProjectConfigurationPlatforms) = postSolution
		{CFCC693F-7769-4750-9781-042E024269DB}.Debug|Any CPU.ActiveCfg = Debug|Any CPU
		{CFCC693F-7769-4750-9781-042E024269DB}.Debug|Any CPU.Build.0 = Debug|Any CPU
		{CFCC693F-7769-4750-9781-042E024269DB}.Release|Any CPU.ActiveCfg = Release|Any CPU
		{CFCC693F-7769-4750-9781-042E024269DB}.Release|Any CPU.Build.0 = Release|Any CPU
		{B8979DC9-4C5A-4096-A5AA-01390F786A1E}.Debug|Any CPU.ActiveCfg = Debug|Any CPU
		{B8979DC9-4C5A-4096-A5AA-01390F786A1E}.Debug|Any CPU.Build.0 = Debug|Any CPU
		{B8979DC9-4C5A-4096-A5AA-01390F786A1E}.Release|Any CPU.ActiveCfg = Release|Any CPU
		{B8979DC9-4C5A-4096-A5AA-01390F786A1E}.Release|Any CPU.Build.0 = Release|Any CPU
	EndGlobalSection
	GlobalSection(SolutionProperties) = preSolution
		HideSolutionNode = FALSE
	EndGlobalSection
EndGlobal
